
Microsoft Visual Studio Solution File, Format Version 12.00
# Visual Studio Version 16
VisualStudioVersion = 16.0.29509.3
MinimumVisualStudioVersion = 10.0.40219.1
Project("{2150E333-8FDC-42A3-9474-1A3956D46DE8}") = "Solution Items", "Solution Items", "{857A6774-6F49-4220-AC55-D53D60FCCB3B}"
	ProjectSection(SolutionItems) = preProject
		.gitattributes = .gitattributes
		.gitignore = .gitignore
		.travis.yml = .travis.yml
		appveyor.yml = appveyor.yml
		NuGet.Config = NuGet.Config
		nuget\Opc.Ua.nuspec = nuget\Opc.Ua.nuspec
		nuget\Opc.Ua.Symbols.nuspec = nuget\Opc.Ua.Symbols.nuspec
		README.md = README.md
	EndProjectSection
EndProject
Project("{9A19103F-16F7-4668-BE54-9A1E7A4F7556}") = "UA Sample ClientCore", "SampleApplications\Samples\Client.NetCore3\UA Sample ClientCore.csproj", "{CF50988E-8C25-4C1A-98C4-104D4240BD2F}"
EndProject
Project("{9A19103F-16F7-4668-BE54-9A1E7A4F7556}") = "UA Client ControlsCore", "SampleApplications\Samples\ClientControls.NetCore3\UA Client ControlsCore.csproj", "{416A19A7-4CAB-4FD2-BD26-DB12B2A74112}"
EndProject
Project("{9A19103F-16F7-4668-BE54-9A1E7A4F7556}") = "UA Sample ControlsCore", "SampleApplications\Samples\Controls.NetCore3\UA Sample ControlsCore.csproj", "{03D2AD1C-F7AB-4330-BDE4-26DB6370878B}"
EndProject
Project("{9A19103F-16F7-4668-BE54-9A1E7A4F7556}") = "Opc.Ua.SampleCore", "SampleApplications\Samples\Opc.Ua.SampleCore\Opc.Ua.SampleCore.csproj", "{AD178379-3E53-4A28-817A-051244984A15}"
EndProject
Project("{FAE04EC0-301F-11D3-BF4B-00C04F79EFBC}") = "TestAsLibrary", "SampleApplications\Samples\TestAsLibrary\TestAsLibrary.csproj", "{3B882621-91BA-4596-9A70-B21B8F5493DB}"
EndProject
Global
	GlobalSection(SolutionConfigurationPlatforms) = preSolution
		Debug|Any CPU = Debug|Any CPU
		Debug|x64 = Debug|x64
		Debug|x86 = Debug|x86
		Release|Any CPU = Release|Any CPU
		Release|x64 = Release|x64
		Release|x86 = Release|x86
	EndGlobalSection
	GlobalSection(ProjectConfigurationPlatforms) = postSolution
		{CF50988E-8C25-4C1A-98C4-104D4240BD2F}.Debug|Any CPU.ActiveCfg = Debug|Any CPU
		{CF50988E-8C25-4C1A-98C4-104D4240BD2F}.Debug|Any CPU.Build.0 = Debug|Any CPU
		{CF50988E-8C25-4C1A-98C4-104D4240BD2F}.Debug|x64.ActiveCfg = Debug|Any CPU
		{CF50988E-8C25-4C1A-98C4-104D4240BD2F}.Debug|x64.Build.0 = Debug|Any CPU
		{CF50988E-8C25-4C1A-98C4-104D4240BD2F}.Debug|x86.ActiveCfg = Debug|Any CPU
		{CF50988E-8C25-4C1A-98C4-104D4240BD2F}.Debug|x86.Build.0 = Debug|Any CPU
		{CF50988E-8C25-4C1A-98C4-104D4240BD2F}.Release|Any CPU.ActiveCfg = Release|Any CPU
		{CF50988E-8C25-4C1A-98C4-104D4240BD2F}.Release|Any CPU.Build.0 = Release|Any CPU
		{CF50988E-8C25-4C1A-98C4-104D4240BD2F}.Release|x64.ActiveCfg = Release|Any CPU
		{CF50988E-8C25-4C1A-98C4-104D4240BD2F}.Release|x64.Build.0 = Release|Any CPU
		{CF50988E-8C25-4C1A-98C4-104D4240BD2F}.Release|x86.ActiveCfg = Release|Any CPU
		{CF50988E-8C25-4C1A-98C4-104D4240BD2F}.Release|x86.Build.0 = Release|Any CPU
		{416A19A7-4CAB-4FD2-BD26-DB12B2A74112}.Debug|Any CPU.ActiveCfg = Debug|Any CPU
		{416A19A7-4CAB-4FD2-BD26-DB12B2A74112}.Debug|Any CPU.Build.0 = Debug|Any CPU
		{416A19A7-4CAB-4FD2-BD26-DB12B2A74112}.Debug|x64.ActiveCfg = Debug|Any CPU
		{416A19A7-4CAB-4FD2-BD26-DB12B2A74112}.Debug|x64.Build.0 = Debug|Any CPU
		{416A19A7-4CAB-4FD2-BD26-DB12B2A74112}.Debug|x86.ActiveCfg = Debug|Any CPU
		{416A19A7-4CAB-4FD2-BD26-DB12B2A74112}.Debug|x86.Build.0 = Debug|Any CPU
		{416A19A7-4CAB-4FD2-BD26-DB12B2A74112}.Release|Any CPU.ActiveCfg = Release|Any CPU
		{416A19A7-4CAB-4FD2-BD26-DB12B2A74112}.Release|Any CPU.Build.0 = Release|Any CPU
		{416A19A7-4CAB-4FD2-BD26-DB12B2A74112}.Release|x64.ActiveCfg = Release|Any CPU
		{416A19A7-4CAB-4FD2-BD26-DB12B2A74112}.Release|x64.Build.0 = Release|Any CPU
		{416A19A7-4CAB-4FD2-BD26-DB12B2A74112}.Release|x86.ActiveCfg = Release|Any CPU
		{416A19A7-4CAB-4FD2-BD26-DB12B2A74112}.Release|x86.Build.0 = Release|Any CPU
		{03D2AD1C-F7AB-4330-BDE4-26DB6370878B}.Debug|Any CPU.ActiveCfg = Debug|Any CPU
		{03D2AD1C-F7AB-4330-BDE4-26DB6370878B}.Debug|Any CPU.Build.0 = Debug|Any CPU
		{03D2AD1C-F7AB-4330-BDE4-26DB6370878B}.Debug|x64.ActiveCfg = Debug|Any CPU
		{03D2AD1C-F7AB-4330-BDE4-26DB6370878B}.Debug|x64.Build.0 = Debug|Any CPU
		{03D2AD1C-F7AB-4330-BDE4-26DB6370878B}.Debug|x86.ActiveCfg = Debug|Any CPU
		{03D2AD1C-F7AB-4330-BDE4-26DB6370878B}.Debug|x86.Build.0 = Debug|Any CPU
		{03D2AD1C-F7AB-4330-BDE4-26DB6370878B}.Release|Any CPU.ActiveCfg = Release|Any CPU
		{03D2AD1C-F7AB-4330-BDE4-26DB6370878B}.Release|Any CPU.Build.0 = Release|Any CPU
		{03D2AD1C-F7AB-4330-BDE4-26DB6370878B}.Release|x64.ActiveCfg = Release|Any CPU
		{03D2AD1C-F7AB-4330-BDE4-26DB6370878B}.Release|x64.Build.0 = Release|Any CPU
		{03D2AD1C-F7AB-4330-BDE4-26DB6370878B}.Release|x86.ActiveCfg = Release|Any CPU
		{03D2AD1C-F7AB-4330-BDE4-26DB6370878B}.Release|x86.Build.0 = Release|Any CPU
		{AD178379-3E53-4A28-817A-051244984A15}.Debug|Any CPU.ActiveCfg = Debug|Any CPU
		{AD178379-3E53-4A28-817A-051244984A15}.Debug|Any CPU.Build.0 = Debug|Any CPU
		{AD178379-3E53-4A28-817A-051244984A15}.Debug|x64.ActiveCfg = Debug|Any CPU
		{AD178379-3E53-4A28-817A-051244984A15}.Debug|x64.Build.0 = Debug|Any CPU
		{AD178379-3E53-4A28-817A-051244984A15}.Debug|x86.ActiveCfg = Debug|Any CPU
		{AD178379-3E53-4A28-817A-051244984A15}.Debug|x86.Build.0 = Debug|Any CPU
		{AD178379-3E53-4A28-817A-051244984A15}.Release|Any CPU.ActiveCfg = Release|Any CPU
		{AD178379-3E53-4A28-817A-051244984A15}.Release|Any CPU.Build.0 = Release|Any CPU
		{AD178379-3E53-4A28-817A-051244984A15}.Release|x64.ActiveCfg = Release|Any CPU
		{AD178379-3E53-4A28-817A-051244984A15}.Release|x64.Build.0 = Release|Any CPU
		{AD178379-3E53-4A28-817A-051244984A15}.Release|x86.ActiveCfg = Release|Any CPU
		{AD178379-3E53-4A28-817A-051244984A15}.Release|x86.Build.0 = Release|Any CPU
		{3B882621-91BA-4596-9A70-B21B8F5493DB}.Debug|Any CPU.ActiveCfg = Debug|Any CPU
		{3B882621-91BA-4596-9A70-B21B8F5493DB}.Debug|Any CPU.Build.0 = Debug|Any CPU
		{3B882621-91BA-4596-9A70-B21B8F5493DB}.Debug|x64.ActiveCfg = Debug|Any CPU
		{3B882621-91BA-4596-9A70-B21B8F5493DB}.Debug|x64.Build.0 = Debug|Any CPU
		{3B882621-91BA-4596-9A70-B21B8F5493DB}.Debug|x86.ActiveCfg = Debug|Any CPU
		{3B882621-91BA-4596-9A70-B21B8F5493DB}.Debug|x86.Build.0 = Debug|Any CPU
		{3B882621-91BA-4596-9A70-B21B8F5493DB}.Release|Any CPU.ActiveCfg = Release|Any CPU
		{3B882621-91BA-4596-9A70-B21B8F5493DB}.Release|Any CPU.Build.0 = Release|Any CPU
		{3B882621-91BA-4596-9A70-B21B8F5493DB}.Release|x64.ActiveCfg = Release|Any CPU
		{3B882621-91BA-4596-9A70-B21B8F5493DB}.Release|x64.Build.0 = Release|Any CPU
		{3B882621-91BA-4596-9A70-B21B8F5493DB}.Release|x86.ActiveCfg = Release|Any CPU
		{3B882621-91BA-4596-9A70-B21B8F5493DB}.Release|x86.Build.0 = Release|Any CPU
	EndGlobalSection
	GlobalSection(SolutionProperties) = preSolution
		HideSolutionNode = FALSE
	EndGlobalSection
	GlobalSection(ExtensibilityGlobals) = postSolution
		SolutionGuid = {33FA5BCB-C827-4D44-AECF-F51342DFE64A}
	EndGlobalSection
EndGlobal
